// !$*UTF8*$!
{
	archiveVersion = 1;
	classes = {
	};
	objectVersion = 55;
	objects = {

/* Begin PBXBuildFile section */
		F208B4E128B4FFB1003C5750 /* RxCocoa in Frameworks */ = {isa = PBXBuildFile; productRef = F208B4E028B4FFB1003C5750 /* RxCocoa */; };
		F208B4E328B4FFB1003C5750 /* RxRelay in Frameworks */ = {isa = PBXBuildFile; productRef = F208B4E228B4FFB1003C5750 /* RxRelay */; };
		F208B4E528B4FFB1003C5750 /* RxSwift in Frameworks */ = {isa = PBXBuildFile; productRef = F208B4E428B4FFB1003C5750 /* RxSwift */; };
		F208B4E828B4FFE8003C5750 /* SnapKit in Frameworks */ = {isa = PBXBuildFile; productRef = F208B4E728B4FFE8003C5750 /* SnapKit */; };
		F208B4EB28B50394003C5750 /* SnapKit in Frameworks */ = {isa = PBXBuildFile; productRef = F208B4EA28B50394003C5750 /* SnapKit */; };
		F216232128A75DA800B3A1F6 /* AppDelegate.swift in Sources */ = {isa = PBXBuildFile; fileRef = F216232028A75DA800B3A1F6 /* AppDelegate.swift */; };
		F216232328A75DA800B3A1F6 /* SceneDelegate.swift in Sources */ = {isa = PBXBuildFile; fileRef = F216232228A75DA800B3A1F6 /* SceneDelegate.swift */; };
		F216232A28A75DAA00B3A1F6 /* Assets.xcassets in Resources */ = {isa = PBXBuildFile; fileRef = F216232928A75DAA00B3A1F6 /* Assets.xcassets */; };
		F216232D28A75DAA00B3A1F6 /* LaunchScreen.storyboard in Resources */ = {isa = PBXBuildFile; fileRef = F216232B28A75DAA00B3A1F6 /* LaunchScreen.storyboard */; };
		F216233828A75DAA00B3A1F6 /* REstTests.swift in Sources */ = {isa = PBXBuildFile; fileRef = F216233728A75DAA00B3A1F6 /* REstTests.swift */; };
		F216234228A75DAA00B3A1F6 /* REstUITests.swift in Sources */ = {isa = PBXBuildFile; fileRef = F216234128A75DAA00B3A1F6 /* REstUITests.swift */; };
		F216234428A75DAA00B3A1F6 /* REstUITestsLaunchTests.swift in Sources */ = {isa = PBXBuildFile; fileRef = F216234328A75DAA00B3A1F6 /* REstUITestsLaunchTests.swift */; };
		F24617C528AD06B500040918 /* LoginViewController.swift in Sources */ = {isa = PBXBuildFile; fileRef = F24617C428AD06B400040918 /* LoginViewController.swift */; };
		F2B2A970293240CD000C7641 /* UIColor+Extension.swift in Sources */ = {isa = PBXBuildFile; fileRef = F2B2A96F293240CD000C7641 /* UIColor+Extension.swift */; };
		F2B2A9742932E344000C7641 /* BannerCell.swift in Sources */ = {isa = PBXBuildFile; fileRef = F2B2A9732932E344000C7641 /* BannerCell.swift */; };
/* End PBXBuildFile section */

/* Begin PBXContainerItemProxy section */
		F216233428A75DAA00B3A1F6 /* PBXContainerItemProxy */ = {
			isa = PBXContainerItemProxy;
			containerPortal = F216231528A75DA800B3A1F6 /* Project object */;
			proxyType = 1;
			remoteGlobalIDString = F216231C28A75DA800B3A1F6;
			remoteInfo = REst;
		};
		F216233E28A75DAA00B3A1F6 /* PBXContainerItemProxy */ = {
			isa = PBXContainerItemProxy;
			containerPortal = F216231528A75DA800B3A1F6 /* Project object */;
			proxyType = 1;
			remoteGlobalIDString = F216231C28A75DA800B3A1F6;
			remoteInfo = REst;
		};
/* End PBXContainerItemProxy section */

/* Begin PBXFileReference section */
		F216231D28A75DA800B3A1F6 /* REst.app */ = {isa = PBXFileReference; explicitFileType = wrapper.application; includeInIndex = 0; path = REst.app; sourceTree = BUILT_PRODUCTS_DIR; };
		F216232028A75DA800B3A1F6 /* AppDelegate.swift */ = {isa = PBXFileReference; lastKnownFileType = sourcecode.swift; path = AppDelegate.swift; sourceTree = "<group>"; };
		F216232228A75DA800B3A1F6 /* SceneDelegate.swift */ = {isa = PBXFileReference; lastKnownFileType = sourcecode.swift; path = SceneDelegate.swift; sourceTree = "<group>"; };
		F216232928A75DAA00B3A1F6 /* Assets.xcassets */ = {isa = PBXFileReference; lastKnownFileType = folder.assetcatalog; path = Assets.xcassets; sourceTree = "<group>"; };
		F216232C28A75DAA00B3A1F6 /* Base */ = {isa = PBXFileReference; lastKnownFileType = file.storyboard; name = Base; path = Base.lproj/LaunchScreen.storyboard; sourceTree = "<group>"; };
		F216232E28A75DAA00B3A1F6 /* Info.plist */ = {isa = PBXFileReference; lastKnownFileType = text.plist.xml; path = Info.plist; sourceTree = "<group>"; };
		F216233328A75DAA00B3A1F6 /* REstTests.xctest */ = {isa = PBXFileReference; explicitFileType = wrapper.cfbundle; includeInIndex = 0; path = REstTests.xctest; sourceTree = BUILT_PRODUCTS_DIR; };
		F216233728A75DAA00B3A1F6 /* REstTests.swift */ = {isa = PBXFileReference; lastKnownFileType = sourcecode.swift; path = REstTests.swift; sourceTree = "<group>"; };
		F216233D28A75DAA00B3A1F6 /* REstUITests.xctest */ = {isa = PBXFileReference; explicitFileType = wrapper.cfbundle; includeInIndex = 0; path = REstUITests.xctest; sourceTree = BUILT_PRODUCTS_DIR; };
		F216234128A75DAA00B3A1F6 /* REstUITests.swift */ = {isa = PBXFileReference; lastKnownFileType = sourcecode.swift; path = REstUITests.swift; sourceTree = "<group>"; };
		F216234328A75DAA00B3A1F6 /* REstUITestsLaunchTests.swift */ = {isa = PBXFileReference; lastKnownFileType = sourcecode.swift; path = REstUITestsLaunchTests.swift; sourceTree = "<group>"; };
		F24617C428AD06B400040918 /* LoginViewController.swift */ = {isa = PBXFileReference; lastKnownFileType = sourcecode.swift; path = LoginViewController.swift; sourceTree = "<group>"; };
		F2B2A96F293240CD000C7641 /* UIColor+Extension.swift */ = {isa = PBXFileReference; lastKnownFileType = sourcecode.swift; path = "UIColor+Extension.swift"; sourceTree = "<group>"; };
		F2B2A9732932E344000C7641 /* BannerCell.swift */ = {isa = PBXFileReference; lastKnownFileType = sourcecode.swift; path = BannerCell.swift; sourceTree = "<group>"; };
/* End PBXFileReference section */

/* Begin PBXFrameworksBuildPhase section */
		F216231A28A75DA800B3A1F6 /* Frameworks */ = {
			isa = PBXFrameworksBuildPhase;
			buildActionMask = 2147483647;
			files = (
				F208B4E528B4FFB1003C5750 /* RxSwift in Frameworks */,
				F208B4E828B4FFE8003C5750 /* SnapKit in Frameworks */,
				F208B4E328B4FFB1003C5750 /* RxRelay in Frameworks */,
				F208B4E128B4FFB1003C5750 /* RxCocoa in Frameworks */,
				F208B4EB28B50394003C5750 /* SnapKit in Frameworks */,
			);
			runOnlyForDeploymentPostprocessing = 0;
		};
		F216233028A75DAA00B3A1F6 /* Frameworks */ = {
			isa = PBXFrameworksBuildPhase;
			buildActionMask = 2147483647;
			files = (
			);
			runOnlyForDeploymentPostprocessing = 0;
		};
		F216233A28A75DAA00B3A1F6 /* Frameworks */ = {
			isa = PBXFrameworksBuildPhase;
			buildActionMask = 2147483647;
			files = (
			);
			runOnlyForDeploymentPostprocessing = 0;
		};
/* End PBXFrameworksBuildPhase section */

/* Begin PBXGroup section */
		F208B4DC28B4FF83003C5750 /* Frameworks */ = {
			isa = PBXGroup;
			children = (
			);
			name = Frameworks;
			sourceTree = "<group>";
		};
		F216231428A75DA800B3A1F6 = {
			isa = PBXGroup;
			children = (
				F216231F28A75DA800B3A1F6 /* REst */,
				F216233628A75DAA00B3A1F6 /* REstTests */,
				F216234028A75DAA00B3A1F6 /* REstUITests */,
				F216231E28A75DA800B3A1F6 /* Products */,
				F208B4DC28B4FF83003C5750 /* Frameworks */,
			);
			sourceTree = "<group>";
		};
		F216231E28A75DA800B3A1F6 /* Products */ = {
			isa = PBXGroup;
			children = (
				F216231D28A75DA800B3A1F6 /* REst.app */,
				F216233328A75DAA00B3A1F6 /* REstTests.xctest */,
				F216233D28A75DAA00B3A1F6 /* REstUITests.xctest */,
			);
			name = Products;
			sourceTree = "<group>";
		};
		F216231F28A75DA800B3A1F6 /* REst */ = {
			isa = PBXGroup;
			children = (
				F2B2A96E293240AC000C7641 /* Extension */,
				F24617B528A9D2BB00040918 /* App */,
				F24617B928AD05FB00040918 /* Login */,
			);
			path = REst;
			sourceTree = "<group>";
		};
		F216233628A75DAA00B3A1F6 /* REstTests */ = {
			isa = PBXGroup;
			children = (
				F216233728A75DAA00B3A1F6 /* REstTests.swift */,
			);
			path = REstTests;
			sourceTree = "<group>";
		};
		F216234028A75DAA00B3A1F6 /* REstUITests */ = {
			isa = PBXGroup;
			children = (
				F216234128A75DAA00B3A1F6 /* REstUITests.swift */,
				F216234328A75DAA00B3A1F6 /* REstUITestsLaunchTests.swift */,
			);
			path = REstUITests;
			sourceTree = "<group>";
		};
		F24617B528A9D2BB00040918 /* App */ = {
			isa = PBXGroup;
			children = (
				F216232028A75DA800B3A1F6 /* AppDelegate.swift */,
				F216232228A75DA800B3A1F6 /* SceneDelegate.swift */,
				F216232E28A75DAA00B3A1F6 /* Info.plist */,
				F24617B628AD056B00040918 /* Asset */,
			);
			path = App;
			sourceTree = "<group>";
		};
		F24617B628AD056B00040918 /* Asset */ = {
			isa = PBXGroup;
			children = (
				F216232B28A75DAA00B3A1F6 /* LaunchScreen.storyboard */,
				F216232928A75DAA00B3A1F6 /* Assets.xcassets */,
			);
			path = Asset;
			sourceTree = "<group>";
		};
		F24617B928AD05FB00040918 /* Login */ = {
			isa = PBXGroup;
			children = (
				F24617C428AD06B400040918 /* LoginViewController.swift */,
				F2B2A9732932E344000C7641 /* BannerCell.swift */,
			);
			path = Login;
			sourceTree = "<group>";
		};
		F2B2A96E293240AC000C7641 /* Extension */ = {
			isa = PBXGroup;
			children = (
				F2B2A96F293240CD000C7641 /* UIColor+Extension.swift */,
			);
			path = Extension;
			sourceTree = "<group>";
		};
/* End PBXGroup section */

/* Begin PBXNativeTarget section */
		F216231C28A75DA800B3A1F6 /* REst */ = {
			isa = PBXNativeTarget;
			buildConfigurationList = F216234728A75DAA00B3A1F6 /* Build configuration list for PBXNativeTarget "REst" */;
			buildPhases = (
				F216231928A75DA800B3A1F6 /* Sources */,
				F216231A28A75DA800B3A1F6 /* Frameworks */,
				F216231B28A75DA800B3A1F6 /* Resources */,
			);
			buildRules = (
			);
			dependencies = (
			);
			name = REst;
			packageProductDependencies = (
				F208B4E028B4FFB1003C5750 /* RxCocoa */,
				F208B4E228B4FFB1003C5750 /* RxRelay */,
				F208B4E428B4FFB1003C5750 /* RxSwift */,
				F208B4E728B4FFE8003C5750 /* SnapKit */,
				F208B4EA28B50394003C5750 /* SnapKit */,
			);
			productName = REst;
			productReference = F216231D28A75DA800B3A1F6 /* REst.app */;
			productType = "com.apple.product-type.application";
		};
		F216233228A75DAA00B3A1F6 /* REstTests */ = {
			isa = PBXNativeTarget;
			buildConfigurationList = F216234A28A75DAA00B3A1F6 /* Build configuration list for PBXNativeTarget "REstTests" */;
			buildPhases = (
				F216232F28A75DAA00B3A1F6 /* Sources */,
				F216233028A75DAA00B3A1F6 /* Frameworks */,
				F216233128A75DAA00B3A1F6 /* Resources */,
			);
			buildRules = (
			);
			dependencies = (
				F216233528A75DAA00B3A1F6 /* PBXTargetDependency */,
			);
			name = REstTests;
			productName = REstTests;
			productReference = F216233328A75DAA00B3A1F6 /* REstTests.xctest */;
			productType = "com.apple.product-type.bundle.unit-test";
		};
		F216233C28A75DAA00B3A1F6 /* REstUITests */ = {
			isa = PBXNativeTarget;
			buildConfigurationList = F216234D28A75DAA00B3A1F6 /* Build configuration list for PBXNativeTarget "REstUITests" */;
			buildPhases = (
				F216233928A75DAA00B3A1F6 /* Sources */,
				F216233A28A75DAA00B3A1F6 /* Frameworks */,
				F216233B28A75DAA00B3A1F6 /* Resources */,
			);
			buildRules = (
			);
			dependencies = (
				F216233F28A75DAA00B3A1F6 /* PBXTargetDependency */,
			);
			name = REstUITests;
			productName = REstUITests;
			productReference = F216233D28A75DAA00B3A1F6 /* REstUITests.xctest */;
			productType = "com.apple.product-type.bundle.ui-testing";
		};
/* End PBXNativeTarget section */

/* Begin PBXProject section */
		F216231528A75DA800B3A1F6 /* Project object */ = {
			isa = PBXProject;
			attributes = {
				BuildIndependentTargetsInParallel = 1;
				LastSwiftUpdateCheck = 1340;
				LastUpgradeCheck = 1340;
				TargetAttributes = {
					F216231C28A75DA800B3A1F6 = {
						CreatedOnToolsVersion = 13.4.1;
					};
					F216233228A75DAA00B3A1F6 = {
						CreatedOnToolsVersion = 13.4.1;
						TestTargetID = F216231C28A75DA800B3A1F6;
					};
					F216233C28A75DAA00B3A1F6 = {
						CreatedOnToolsVersion = 13.4.1;
						TestTargetID = F216231C28A75DA800B3A1F6;
					};
				};
			};
			buildConfigurationList = F216231828A75DA800B3A1F6 /* Build configuration list for PBXProject "REst" */;
			compatibilityVersion = "Xcode 13.0";
			developmentRegion = en;
			hasScannedForEncodings = 0;
			knownRegions = (
				en,
				Base,
			);
			mainGroup = F216231428A75DA800B3A1F6;
			packageReferences = (
				F24617BA28AD065300040918 /* XCRemoteSwiftPackageReference "SnapKit" */,
				F24617BD28AD067300040918 /* XCRemoteSwiftPackageReference "RxSwift" */,
				F208B4DF28B4FFB1003C5750 /* XCRemoteSwiftPackageReference "RxSwift" */,
				F208B4E628B4FFE8003C5750 /* XCRemoteSwiftPackageReference "SnapKit" */,
				F208B4E928B50394003C5750 /* XCRemoteSwiftPackageReference "SnapKit" */,
			);
			productRefGroup = F216231E28A75DA800B3A1F6 /* Products */;
			projectDirPath = "";
			projectRoot = "";
			targets = (
				F216231C28A75DA800B3A1F6 /* REst */,
				F216233228A75DAA00B3A1F6 /* REstTests */,
				F216233C28A75DAA00B3A1F6 /* REstUITests */,
			);
		};
/* End PBXProject section */

/* Begin PBXResourcesBuildPhase section */
		F216231B28A75DA800B3A1F6 /* Resources */ = {
			isa = PBXResourcesBuildPhase;
			buildActionMask = 2147483647;
			files = (
				F216232D28A75DAA00B3A1F6 /* LaunchScreen.storyboard in Resources */,
				F216232A28A75DAA00B3A1F6 /* Assets.xcassets in Resources */,
			);
			runOnlyForDeploymentPostprocessing = 0;
		};
		F216233128A75DAA00B3A1F6 /* Resources */ = {
			isa = PBXResourcesBuildPhase;
			buildActionMask = 2147483647;
			files = (
			);
			runOnlyForDeploymentPostprocessing = 0;
		};
		F216233B28A75DAA00B3A1F6 /* Resources */ = {
			isa = PBXResourcesBuildPhase;
			buildActionMask = 2147483647;
			files = (
			);
			runOnlyForDeploymentPostprocessing = 0;
		};
/* End PBXResourcesBuildPhase section */

/* Begin PBXSourcesBuildPhase section */
		F216231928A75DA800B3A1F6 /* Sources */ = {
			isa = PBXSourcesBuildPhase;
			buildActionMask = 2147483647;
			files = (
				F24617C528AD06B500040918 /* LoginViewController.swift in Sources */,
				F2B2A9742932E344000C7641 /* BannerCell.swift in Sources */,
				F216232128A75DA800B3A1F6 /* AppDelegate.swift in Sources */,
				F216232328A75DA800B3A1F6 /* SceneDelegate.swift in Sources */,
				F2B2A970293240CD000C7641 /* UIColor+Extension.swift in Sources */,
			);
			runOnlyForDeploymentPostprocessing = 0;
		};
		F216232F28A75DAA00B3A1F6 /* Sources */ = {
			isa = PBXSourcesBuildPhase;
			buildActionMask = 2147483647;
			files = (
				F216233828A75DAA00B3A1F6 /* REstTests.swift in Sources */,
			);
			runOnlyForDeploymentPostprocessing = 0;
		};
		F216233928A75DAA00B3A1F6 /* Sources */ = {
			isa = PBXSourcesBuildPhase;
			buildActionMask = 2147483647;
			files = (
				F216234428A75DAA00B3A1F6 /* REstUITestsLaunchTests.swift in Sources */,
				F216234228A75DAA00B3A1F6 /* REstUITests.swift in Sources */,
			);
			runOnlyForDeploymentPostprocessing = 0;
		};
/* End PBXSourcesBuildPhase section */

/* Begin PBXTargetDependency section */
		F216233528A75DAA00B3A1F6 /* PBXTargetDependency */ = {
			isa = PBXTargetDependency;
			target = F216231C28A75DA800B3A1F6 /* REst */;
			targetProxy = F216233428A75DAA00B3A1F6 /* PBXContainerItemProxy */;
		};
		F216233F28A75DAA00B3A1F6 /* PBXTargetDependency */ = {
			isa = PBXTargetDependency;
			target = F216231C28A75DA800B3A1F6 /* REst */;
			targetProxy = F216233E28A75DAA00B3A1F6 /* PBXContainerItemProxy */;
		};
/* End PBXTargetDependency section */

/* Begin PBXVariantGroup section */
		F216232B28A75DAA00B3A1F6 /* LaunchScreen.storyboard */ = {
			isa = PBXVariantGroup;
			children = (
				F216232C28A75DAA00B3A1F6 /* Base */,
			);
			name = LaunchScreen.storyboard;
			sourceTree = "<group>";
		};
/* End PBXVariantGroup section */

/* Begin XCBuildConfiguration section */
		F216234528A75DAA00B3A1F6 /* Debug */ = {
			isa = XCBuildConfiguration;
			buildSettings = {
				ALWAYS_SEARCH_USER_PATHS = NO;
				CLANG_ANALYZER_NONNULL = YES;
				CLANG_ANALYZER_NUMBER_OBJECT_CONVERSION = YES_AGGRESSIVE;
				CLANG_CXX_LANGUAGE_STANDARD = "gnu++17";
				CLANG_ENABLE_MODULES = YES;
				CLANG_ENABLE_OBJC_ARC = YES;
				CLANG_ENABLE_OBJC_WEAK = YES;
				CLANG_WARN_BLOCK_CAPTURE_AUTORELEASING = YES;
				CLANG_WARN_BOOL_CONVERSION = YES;
				CLANG_WARN_COMMA = YES;
				CLANG_WARN_CONSTANT_CONVERSION = YES;
				CLANG_WARN_DEPRECATED_OBJC_IMPLEMENTATIONS = YES;
				CLANG_WARN_DIRECT_OBJC_ISA_USAGE = YES_ERROR;
				CLANG_WARN_DOCUMENTATION_COMMENTS = YES;
				CLANG_WARN_EMPTY_BODY = YES;
				CLANG_WARN_ENUM_CONVERSION = YES;
				CLANG_WARN_INFINITE_RECURSION = YES;
				CLANG_WARN_INT_CONVERSION = YES;
				CLANG_WARN_NON_LITERAL_NULL_CONVERSION = YES;
				CLANG_WARN_OBJC_IMPLICIT_RETAIN_SELF = YES;
				CLANG_WARN_OBJC_LITERAL_CONVERSION = YES;
				CLANG_WARN_OBJC_ROOT_CLASS = YES_ERROR;
				CLANG_WARN_QUOTED_INCLUDE_IN_FRAMEWORK_HEADER = YES;
				CLANG_WARN_RANGE_LOOP_ANALYSIS = YES;
				CLANG_WARN_STRICT_PROTOTYPES = YES;
				CLANG_WARN_SUSPICIOUS_MOVE = YES;
				CLANG_WARN_UNGUARDED_AVAILABILITY = YES_AGGRESSIVE;
				CLANG_WARN_UNREACHABLE_CODE = YES;
				CLANG_WARN__DUPLICATE_METHOD_MATCH = YES;
				COPY_PHASE_STRIP = NO;
				DEBUG_INFORMATION_FORMAT = dwarf;
				ENABLE_STRICT_OBJC_MSGSEND = YES;
				ENABLE_TESTABILITY = YES;
				GCC_C_LANGUAGE_STANDARD = gnu11;
				GCC_DYNAMIC_NO_PIC = NO;
				GCC_NO_COMMON_BLOCKS = YES;
				GCC_OPTIMIZATION_LEVEL = 0;
				GCC_PREPROCESSOR_DEFINITIONS = (
					"DEBUG=1",
					"$(inherited)",
				);
				GCC_WARN_64_TO_32_BIT_CONVERSION = YES;
				GCC_WARN_ABOUT_RETURN_TYPE = YES_ERROR;
				GCC_WARN_UNDECLARED_SELECTOR = YES;
				GCC_WARN_UNINITIALIZED_AUTOS = YES_AGGRESSIVE;
				GCC_WARN_UNUSED_FUNCTION = YES;
				GCC_WARN_UNUSED_VARIABLE = YES;
				IPHONEOS_DEPLOYMENT_TARGET = 15.5;
				MTL_ENABLE_DEBUG_INFO = INCLUDE_SOURCE;
				MTL_FAST_MATH = YES;
				ONLY_ACTIVE_ARCH = YES;
				SDKROOT = iphoneos;
				SWIFT_ACTIVE_COMPILATION_CONDITIONS = DEBUG;
				SWIFT_OPTIMIZATION_LEVEL = "-Onone";
			};
			name = Debug;
		};
		F216234628A75DAA00B3A1F6 /* Release */ = {
			isa = XCBuildConfiguration;
			buildSettings = {
				ALWAYS_SEARCH_USER_PATHS = NO;
				CLANG_ANALYZER_NONNULL = YES;
				CLANG_ANALYZER_NUMBER_OBJECT_CONVERSION = YES_AGGRESSIVE;
				CLANG_CXX_LANGUAGE_STANDARD = "gnu++17";
				CLANG_ENABLE_MODULES = YES;
				CLANG_ENABLE_OBJC_ARC = YES;
				CLANG_ENABLE_OBJC_WEAK = YES;
				CLANG_WARN_BLOCK_CAPTURE_AUTORELEASING = YES;
				CLANG_WARN_BOOL_CONVERSION = YES;
				CLANG_WARN_COMMA = YES;
				CLANG_WARN_CONSTANT_CONVERSION = YES;
				CLANG_WARN_DEPRECATED_OBJC_IMPLEMENTATIONS = YES;
				CLANG_WARN_DIRECT_OBJC_ISA_USAGE = YES_ERROR;
				CLANG_WARN_DOCUMENTATION_COMMENTS = YES;
				CLANG_WARN_EMPTY_BODY = YES;
				CLANG_WARN_ENUM_CONVERSION = YES;
				CLANG_WARN_INFINITE_RECURSION = YES;
				CLANG_WARN_INT_CONVERSION = YES;
				CLANG_WARN_NON_LITERAL_NULL_CONVERSION = YES;
				CLANG_WARN_OBJC_IMPLICIT_RETAIN_SELF = YES;
				CLANG_WARN_OBJC_LITERAL_CONVERSION = YES;
				CLANG_WARN_OBJC_ROOT_CLASS = YES_ERROR;
				CLANG_WARN_QUOTED_INCLUDE_IN_FRAMEWORK_HEADER = YES;
				CLANG_WARN_RANGE_LOOP_ANALYSIS = YES;
				CLANG_WARN_STRICT_PROTOTYPES = YES;
				CLANG_WARN_SUSPICIOUS_MOVE = YES;
				CLANG_WARN_UNGUARDED_AVAILABILITY = YES_AGGRESSIVE;
				CLANG_WARN_UNREACHABLE_CODE = YES;
				CLANG_WARN__DUPLICATE_METHOD_MATCH = YES;
				COPY_PHASE_STRIP = NO;
				DEBUG_INFORMATION_FORMAT = "dwarf-with-dsym";
				ENABLE_NS_ASSERTIONS = NO;
				ENABLE_STRICT_OBJC_MSGSEND = YES;
				GCC_C_LANGUAGE_STANDARD = gnu11;
				GCC_NO_COMMON_BLOCKS = YES;
				GCC_WARN_64_TO_32_BIT_CONVERSION = YES;
				GCC_WARN_ABOUT_RETURN_TYPE = YES_ERROR;
				GCC_WARN_UNDECLARED_SELECTOR = YES;
				GCC_WARN_UNINITIALIZED_AUTOS = YES_AGGRESSIVE;
				GCC_WARN_UNUSED_FUNCTION = YES;
				GCC_WARN_UNUSED_VARIABLE = YES;
				IPHONEOS_DEPLOYMENT_TARGET = 15.5;
				MTL_ENABLE_DEBUG_INFO = NO;
				MTL_FAST_MATH = YES;
				SDKROOT = iphoneos;
				SWIFT_COMPILATION_MODE = wholemodule;
				SWIFT_OPTIMIZATION_LEVEL = "-O";
				VALIDATE_PRODUCT = YES;
			};
			name = Release;
		};
		F216234828A75DAA00B3A1F6 /* Debug */ = {
			isa = XCBuildConfiguration;
			buildSettings = {
				ASSETCATALOG_COMPILER_APPICON_NAME = AppIcon;
				ASSETCATALOG_COMPILER_GLOBAL_ACCENT_COLOR_NAME = AccentColor;
				CODE_SIGN_STYLE = Automatic;
				CURRENT_PROJECT_VERSION = 1;
				DEVELOPMENT_TEAM = P446D369B2;
				GENERATE_INFOPLIST_FILE = YES;
				INFOPLIST_FILE = REst/App/Info.plist;
				INFOPLIST_KEY_UIApplicationSupportsIndirectInputEvents = YES;
				INFOPLIST_KEY_UILaunchStoryboardName = LaunchScreen;
				INFOPLIST_KEY_UISupportedInterfaceOrientations_iPad = "UIInterfaceOrientationPortrait UIInterfaceOrientationPortraitUpsideDown UIInterfaceOrientationLandscapeLeft UIInterfaceOrientationLandscapeRight";
				INFOPLIST_KEY_UISupportedInterfaceOrientations_iPhone = "UIInterfaceOrientationPortrait UIInterfaceOrientationLandscapeLeft UIInterfaceOrientationLandscapeRight";
				LD_RUNPATH_SEARCH_PATHS = (
					"$(inherited)",
					"@executable_path/Frameworks",
				);
				MARKETING_VERSION = 1.0;
				PRODUCT_BUNDLE_IDENTIFIER = com.eunae.REst;
				PRODUCT_NAME = "$(TARGET_NAME)";
				SWIFT_EMIT_LOC_STRINGS = YES;
				SWIFT_VERSION = 5.0;
				TARGETED_DEVICE_FAMILY = "1,2";
			};
			name = Debug;
		};
		F216234928A75DAA00B3A1F6 /* Release */ = {
			isa = XCBuildConfiguration;
			buildSettings = {
				ASSETCATALOG_COMPILER_APPICON_NAME = AppIcon;
				ASSETCATALOG_COMPILER_GLOBAL_ACCENT_COLOR_NAME = AccentColor;
				CODE_SIGN_STYLE = Automatic;
				CURRENT_PROJECT_VERSION = 1;
				DEVELOPMENT_TEAM = P446D369B2;
				GENERATE_INFOPLIST_FILE = YES;
				INFOPLIST_FILE = REst/App/Info.plist;
				INFOPLIST_KEY_UIApplicationSupportsIndirectInputEvents = YES;
				INFOPLIST_KEY_UILaunchStoryboardName = LaunchScreen;
				INFOPLIST_KEY_UISupportedInterfaceOrientations_iPad = "UIInterfaceOrientationPortrait UIInterfaceOrientationPortraitUpsideDown UIInterfaceOrientationLandscapeLeft UIInterfaceOrientationLandscapeRight";
				INFOPLIST_KEY_UISupportedInterfaceOrientations_iPhone = "UIInterfaceOrientationPortrait UIInterfaceOrientationLandscapeLeft UIInterfaceOrientationLandscapeRight";
				LD_RUNPATH_SEARCH_PATHS = (
					"$(inherited)",
					"@executable_path/Frameworks",
				);
				MARKETING_VERSION = 1.0;
				PRODUCT_BUNDLE_IDENTIFIER = com.eunae.REst;
				PRODUCT_NAME = "$(TARGET_NAME)";
				SWIFT_EMIT_LOC_STRINGS = YES;
				SWIFT_VERSION = 5.0;
				TARGETED_DEVICE_FAMILY = "1,2";
			};
			name = Release;
		};
		F216234B28A75DAA00B3A1F6 /* Debug */ = {
			isa = XCBuildConfiguration;
			buildSettings = {
				ALWAYS_EMBED_SWIFT_STANDARD_LIBRARIES = YES;
				BUNDLE_LOADER = "$(TEST_HOST)";
				CODE_SIGN_STYLE = Automatic;
				CURRENT_PROJECT_VERSION = 1;
				DEVELOPMENT_TEAM = P446D369B2;
				GENERATE_INFOPLIST_FILE = YES;
				IPHONEOS_DEPLOYMENT_TARGET = 15.5;
				MARKETING_VERSION = 1.0;
				PRODUCT_BUNDLE_IDENTIFIER = com.eunae.REstTests;
				PRODUCT_NAME = "$(TARGET_NAME)";
				SWIFT_EMIT_LOC_STRINGS = NO;
				SWIFT_VERSION = 5.0;
				TARGETED_DEVICE_FAMILY = "1,2";
				TEST_HOST = "$(BUILT_PRODUCTS_DIR)/REst.app/REst";
			};
			name = Debug;
		};
		F216234C28A75DAA00B3A1F6 /* Release */ = {
			isa = XCBuildConfiguration;
			buildSettings = {
				ALWAYS_EMBED_SWIFT_STANDARD_LIBRARIES = YES;
				BUNDLE_LOADER = "$(TEST_HOST)";
				CODE_SIGN_STYLE = Automatic;
				CURRENT_PROJECT_VERSION = 1;
				DEVELOPMENT_TEAM = P446D369B2;
				GENERATE_INFOPLIST_FILE = YES;
				IPHONEOS_DEPLOYMENT_TARGET = 15.5;
				MARKETING_VERSION = 1.0;
				PRODUCT_BUNDLE_IDENTIFIER = com.eunae.REstTests;
				PRODUCT_NAME = "$(TARGET_NAME)";
				SWIFT_EMIT_LOC_STRINGS = NO;
				SWIFT_VERSION = 5.0;
				TARGETED_DEVICE_FAMILY = "1,2";
				TEST_HOST = "$(BUILT_PRODUCTS_DIR)/REst.app/REst";
			};
			name = Release;
		};
		F216234E28A75DAA00B3A1F6 /* Debug */ = {
			isa = XCBuildConfiguration;
			buildSettings = {
				ALWAYS_EMBED_SWIFT_STANDARD_LIBRARIES = YES;
				CODE_SIGN_STYLE = Automatic;
				CURRENT_PROJECT_VERSION = 1;
				DEVELOPMENT_TEAM = P446D369B2;
				GENERATE_INFOPLIST_FILE = YES;
				MARKETING_VERSION = 1.0;
				PRODUCT_BUNDLE_IDENTIFIER = com.eunae.REstUITests;
				PRODUCT_NAME = "$(TARGET_NAME)";
				SWIFT_EMIT_LOC_STRINGS = NO;
				SWIFT_VERSION = 5.0;
				TARGETED_DEVICE_FAMILY = "1,2";
				TEST_TARGET_NAME = REst;
			};
			name = Debug;
		};
		F216234F28A75DAA00B3A1F6 /* Release */ = {
			isa = XCBuildConfiguration;
			buildSettings = {
				ALWAYS_EMBED_SWIFT_STANDARD_LIBRARIES = YES;
				CODE_SIGN_STYLE = Automatic;
				CURRENT_PROJECT_VERSION = 1;
				DEVELOPMENT_TEAM = P446D369B2;
				GENERATE_INFOPLIST_FILE = YES;
				MARKETING_VERSION = 1.0;
				PRODUCT_BUNDLE_IDENTIFIER = com.eunae.REstUITests;
				PRODUCT_NAME = "$(TARGET_NAME)";
				SWIFT_EMIT_LOC_STRINGS = NO;
				SWIFT_VERSION = 5.0;
				TARGETED_DEVICE_FAMILY = "1,2";
				TEST_TARGET_NAME = REst;
			};
			name = Release;
		};
/* End XCBuildConfiguration section */

/* Begin XCConfigurationList section */
		F216231828A75DA800B3A1F6 /* Build configuration list for PBXProject "REst" */ = {
			isa = XCConfigurationList;
			buildConfigurations = (
				F216234528A75DAA00B3A1F6 /* Debug */,
				F216234628A75DAA00B3A1F6 /* Release */,
			);
			defaultConfigurationIsVisible = 0;
			defaultConfigurationName = Release;
		};
		F216234728A75DAA00B3A1F6 /* Build configuration list for PBXNativeTarget "REst" */ = {
			isa = XCConfigurationList;
			buildConfigurations = (
				F216234828A75DAA00B3A1F6 /* Debug */,
				F216234928A75DAA00B3A1F6 /* Release */,
			);
			defaultConfigurationIsVisible = 0;
			defaultConfigurationName = Release;
		};
		F216234A28A75DAA00B3A1F6 /* Build configuration list for PBXNativeTarget "REstTests" */ = {
			isa = XCConfigurationList;
			buildConfigurations = (
				F216234B28A75DAA00B3A1F6 /* Debug */,
				F216234C28A75DAA00B3A1F6 /* Release */,
			);
			defaultConfigurationIsVisible = 0;
			defaultConfigurationName = Release;
		};
		F216234D28A75DAA00B3A1F6 /* Build configuration list for PBXNativeTarget "REstUITests" */ = {
			isa = XCConfigurationList;
			buildConfigurations = (
				F216234E28A75DAA00B3A1F6 /* Debug */,
				F216234F28A75DAA00B3A1F6 /* Release */,
			);
			defaultConfigurationIsVisible = 0;
			defaultConfigurationName = Release;
		};
/* End XCConfigurationList section */

/* Begin XCRemoteSwiftPackageReference section */
		F208B4DF28B4FFB1003C5750 /* XCRemoteSwiftPackageReference "RxSwift" */ = {
			isa = XCRemoteSwiftPackageReference;
			repositoryURL = "https://github.com/ReactiveX/RxSwift";
			requirement = {
				kind = upToNextMajorVersion;
				minimumVersion = 6.0.0;
			};
		};
		F208B4E628B4FFE8003C5750 /* XCRemoteSwiftPackageReference "SnapKit" */ = {
			isa = XCRemoteSwiftPackageReference;
			repositoryURL = "https://github.com/SnapKit/SnapKit.git";
			requirement = {
				branch = develop;
				kind = branch;
			};
		};
		F208B4E928B50394003C5750 /* XCRemoteSwiftPackageReference "SnapKit" */ = {
			isa = XCRemoteSwiftPackageReference;
			repositoryURL = "https://github.com/SnapKit/SnapKit";
			requirement = {
				kind = upToNextMajorVersion;
				minimumVersion = 5.0.0;
			};
		};
		F24617BA28AD065300040918 /* XCRemoteSwiftPackageReference "SnapKit" */ = {
			isa = XCRemoteSwiftPackageReference;
			repositoryURL = "https://github.com/SnapKit/SnapKit.git";
			requirement = {
				branch = develop;
				kind = branch;
			};
		};
		F24617BD28AD067300040918 /* XCRemoteSwiftPackageReference "RxSwift" */ = {
			isa = XCRemoteSwiftPackageReference;
			repositoryURL = "https://github.com/ReactiveX/RxSwift";
			requirement = {
				kind = upToNextMajorVersion;
				minimumVersion = 6.0.0;
			};
		};
/* End XCRemoteSwiftPackageReference section */

/* Begin XCSwiftPackageProductDependency section */
		F208B4E028B4FFB1003C5750 /* RxCocoa */ = {
			isa = XCSwiftPackageProductDependency;
			package = F24617BD28AD067300040918 /* XCRemoteSwiftPackageReference "RxSwift" */;
			productName = RxCocoa;
		};
		F208B4E228B4FFB1003C5750 /* RxRelay */ = {
			isa = XCSwiftPackageProductDependency;
			package = F24617BD28AD067300040918 /* XCRemoteSwiftPackageReference "RxSwift" */;
			productName = RxRelay;
		};
		F208B4E428B4FFB1003C5750 /* RxSwift */ = {
			isa = XCSwiftPackageProductDependency;
			package = F24617BD28AD067300040918 /* XCRemoteSwiftPackageReference "RxSwift" */;
			productName = RxSwift;
		};
		F208B4E728B4FFE8003C5750 /* SnapKit */ = {
			isa = XCSwiftPackageProductDependency;
			package = F24617BA28AD065300040918 /* XCRemoteSwiftPackageReference "SnapKit" */;
			productName = SnapKit;
		};
		F208B4EA28B50394003C5750 /* SnapKit */ = {
			isa = XCSwiftPackageProductDependency;
			package = F208B4E928B50394003C5750 /* XCRemoteSwiftPackageReference "SnapKit" */;
			productName = SnapKit;
		};
/* End XCSwiftPackageProductDependency section */
	};
	rootObject = F216231528A75DA800B3A1F6 /* Project object */;
}
